
Microsoft Visual Studio Solution File, Format Version 12.00
# Visual Studio Version 17
VisualStudioVersion = 17.1.32407.343
MinimumVisualStudioVersion = 10.0.40219.1
Project("{9A19103F-16F7-4668-BE54-9A1E7A4F7556}") = "DataWranglerInterface", "DataWranglerInterface\DataWranglerInterface.csproj", "{8B227B16-18BA-4544-BE08-3F6903C2798B}"
EndProject
Project("{9A19103F-16F7-4668-BE54-9A1E7A4F7556}") = "ShotGridIntegration", "ShotGridIntegration\ShotGridIntegration.csproj", "{5E914BED-1BC0-47BF-B842-6C06F872006D}"
EndProject
Project("{9A19103F-16F7-4668-BE54-9A1E7A4F7556}") = "ShotGridIntegrationTest", "ShotGridIntegrationTest\ShotGridIntegrationTest.csproj", "{C0361CCF-AA72-42AE-9BF7-DA0E2E27C64D}"
EndProject
Project("{9A19103F-16F7-4668-BE54-9A1E7A4F7556}") = "BlackmagicCameraControl", "BlackmagicCameraControl\BlackmagicCameraControl.csproj", "{46399D93-F385-435B-9EAB-51FE22F19E83}"
EndProject
Project("{9A19103F-16F7-4668-BE54-9A1E7A4F7556}") = "BlackmagicCameraControlTest", "BlackmagicCameraControlTest\BlackmagicCameraControlTest.csproj", "{08181176-081A-4F40-84DF-3AC4C618F86A}"
EndProject
Project("{9A19103F-16F7-4668-BE54-9A1E7A4F7556}") = "DataWranglerCommon", "DataWranglerCommon\DataWranglerCommon.csproj", "{60EB0E30-4B90-466F-B4BF-AF88BC72069F}"
EndProject
Project("{9A19103F-16F7-4668-BE54-9A1E7A4F7556}") = "DataWranglerSourceAnalysis", "DataWranglerSourceAnalysis\DataWranglerSourceAnalysis.csproj", "{FCA8E484-7F4D-4E4E-844D-4C347F3D95C9}"
EndProject
Project("{9A19103F-16F7-4668-BE54-9A1E7A4F7556}") = "DataWranglerServiceWorker", "DataWranglerServiceWorker\DataWranglerServiceWorker.csproj", "{53015BE7-D5C0-4512-B921-0365B2885CA7}"
EndProject
Project("{9A19103F-16F7-4668-BE54-9A1E7A4F7556}") = "DataWranglerCommonWPF", "DataWranglerCommonWPF\DataWranglerCommonWPF.csproj", "{080EEB62-DBB1-4619-8592-50CF2BB9E4D0}"
EndProject
Project("{9A19103F-16F7-4668-BE54-9A1E7A4F7556}") = "BlackmagicDeckLinkControl", "BlackmagicDeckLinkControl\BlackmagicDeckLinkControl.csproj", "{F9616159-28FC-4233-996D-E6A8DECA699A}"
EndProject
Project("{9A19103F-16F7-4668-BE54-9A1E7A4F7556}") = "BlackmagicDeckLinkControlTest", "BlackmagicDeckLinkControlTest\BlackmagicDeckLinkControlTest.csproj", "{C65FE35A-5087-4248-8DC1-1B397D141AEB}"
EndProject
Global
	GlobalSection(SolutionConfigurationPlatforms) = preSolution
		Debug|Any CPU = Debug|Any CPU
		Debug|x64 = Debug|x64
		Debug|x86 = Debug|x86
		Release|Any CPU = Release|Any CPU
		Release|x64 = Release|x64
		Release|x86 = Release|x86
	EndGlobalSection
	GlobalSection(ProjectConfigurationPlatforms) = postSolution
		{8B227B16-18BA-4544-BE08-3F6903C2798B}.Debug|Any CPU.ActiveCfg = Debug|Any CPU
		{8B227B16-18BA-4544-BE08-3F6903C2798B}.Debug|Any CPU.Build.0 = Debug|Any CPU
		{8B227B16-18BA-4544-BE08-3F6903C2798B}.Debug|x64.ActiveCfg = Debug|Any CPU
		{8B227B16-18BA-4544-BE08-3F6903C2798B}.Debug|x64.Build.0 = Debug|Any CPU
		{8B227B16-18BA-4544-BE08-3F6903C2798B}.Debug|x86.ActiveCfg = Debug|Any CPU
		{8B227B16-18BA-4544-BE08-3F6903C2798B}.Debug|x86.Build.0 = Debug|Any CPU
		{8B227B16-18BA-4544-BE08-3F6903C2798B}.Release|Any CPU.ActiveCfg = Release|Any CPU
		{8B227B16-18BA-4544-BE08-3F6903C2798B}.Release|Any CPU.Build.0 = Release|Any CPU
		{8B227B16-18BA-4544-BE08-3F6903C2798B}.Release|x64.ActiveCfg = Release|Any CPU
		{8B227B16-18BA-4544-BE08-3F6903C2798B}.Release|x64.Build.0 = Release|Any CPU
		{8B227B16-18BA-4544-BE08-3F6903C2798B}.Release|x86.ActiveCfg = Release|Any CPU
		{8B227B16-18BA-4544-BE08-3F6903C2798B}.Release|x86.Build.0 = Release|Any CPU
		{5E914BED-1BC0-47BF-B842-6C06F872006D}.Debug|Any CPU.ActiveCfg = Debug|Any CPU
		{5E914BED-1BC0-47BF-B842-6C06F872006D}.Debug|Any CPU.Build.0 = Debug|Any CPU
		{5E914BED-1BC0-47BF-B842-6C06F872006D}.Debug|x64.ActiveCfg = Debug|Any CPU
		{5E914BED-1BC0-47BF-B842-6C06F872006D}.Debug|x64.Build.0 = Debug|Any CPU
		{5E914BED-1BC0-47BF-B842-6C06F872006D}.Debug|x86.ActiveCfg = Debug|Any CPU
		{5E914BED-1BC0-47BF-B842-6C06F872006D}.Debug|x86.Build.0 = Debug|Any CPU
		{5E914BED-1BC0-47BF-B842-6C06F872006D}.Release|Any CPU.ActiveCfg = Release|Any CPU
		{5E914BED-1BC0-47BF-B842-6C06F872006D}.Release|Any CPU.Build.0 = Release|Any CPU
		{5E914BED-1BC0-47BF-B842-6C06F872006D}.Release|x64.ActiveCfg = Release|Any CPU
		{5E914BED-1BC0-47BF-B842-6C06F872006D}.Release|x64.Build.0 = Release|Any CPU
		{5E914BED-1BC0-47BF-B842-6C06F872006D}.Release|x86.ActiveCfg = Release|Any CPU
		{5E914BED-1BC0-47BF-B842-6C06F872006D}.Release|x86.Build.0 = Release|Any CPU
		{C0361CCF-AA72-42AE-9BF7-DA0E2E27C64D}.Debug|Any CPU.ActiveCfg = Debug|Any CPU
		{C0361CCF-AA72-42AE-9BF7-DA0E2E27C64D}.Debug|Any CPU.Build.0 = Debug|Any CPU
		{C0361CCF-AA72-42AE-9BF7-DA0E2E27C64D}.Debug|x64.ActiveCfg = Debug|Any CPU
		{C0361CCF-AA72-42AE-9BF7-DA0E2E27C64D}.Debug|x64.Build.0 = Debug|Any CPU
		{C0361CCF-AA72-42AE-9BF7-DA0E2E27C64D}.Debug|x86.ActiveCfg = Debug|Any CPU
		{C0361CCF-AA72-42AE-9BF7-DA0E2E27C64D}.Debug|x86.Build.0 = Debug|Any CPU
		{C0361CCF-AA72-42AE-9BF7-DA0E2E27C64D}.Release|Any CPU.ActiveCfg = Release|Any CPU
		{C0361CCF-AA72-42AE-9BF7-DA0E2E27C64D}.Release|Any CPU.Build.0 = Release|Any CPU
		{C0361CCF-AA72-42AE-9BF7-DA0E2E27C64D}.Release|x64.ActiveCfg = Release|Any CPU
		{C0361CCF-AA72-42AE-9BF7-DA0E2E27C64D}.Release|x64.Build.0 = Release|Any CPU
		{C0361CCF-AA72-42AE-9BF7-DA0E2E27C64D}.Release|x86.ActiveCfg = Release|Any CPU
		{C0361CCF-AA72-42AE-9BF7-DA0E2E27C64D}.Release|x86.Build.0 = Release|Any CPU
		{46399D93-F385-435B-9EAB-51FE22F19E83}.Debug|Any CPU.ActiveCfg = Debug|Any CPU
		{46399D93-F385-435B-9EAB-51FE22F19E83}.Debug|Any CPU.Build.0 = Debug|Any CPU
		{46399D93-F385-435B-9EAB-51FE22F19E83}.Debug|x64.ActiveCfg = Debug|Any CPU
		{46399D93-F385-435B-9EAB-51FE22F19E83}.Debug|x64.Build.0 = Debug|Any CPU
		{46399D93-F385-435B-9EAB-51FE22F19E83}.Debug|x86.ActiveCfg = Debug|Any CPU
		{46399D93-F385-435B-9EAB-51FE22F19E83}.Debug|x86.Build.0 = Debug|Any CPU
		{46399D93-F385-435B-9EAB-51FE22F19E83}.Release|Any CPU.ActiveCfg = Release|Any CPU
		{46399D93-F385-435B-9EAB-51FE22F19E83}.Release|Any CPU.Build.0 = Release|Any CPU
		{46399D93-F385-435B-9EAB-51FE22F19E83}.Release|x64.ActiveCfg = Release|Any CPU
		{46399D93-F385-435B-9EAB-51FE22F19E83}.Release|x64.Build.0 = Release|Any CPU
		{46399D93-F385-435B-9EAB-51FE22F19E83}.Release|x86.ActiveCfg = Release|Any CPU
		{46399D93-F385-435B-9EAB-51FE22F19E83}.Release|x86.Build.0 = Release|Any CPU
		{08181176-081A-4F40-84DF-3AC4C618F86A}.Debug|Any CPU.ActiveCfg = Debug|Any CPU
		{08181176-081A-4F40-84DF-3AC4C618F86A}.Debug|Any CPU.Build.0 = Debug|Any CPU
		{08181176-081A-4F40-84DF-3AC4C618F86A}.Debug|x64.ActiveCfg = Debug|Any CPU
		{08181176-081A-4F40-84DF-3AC4C618F86A}.Debug|x64.Build.0 = Debug|Any CPU
		{08181176-081A-4F40-84DF-3AC4C618F86A}.Debug|x86.ActiveCfg = Debug|Any CPU
		{08181176-081A-4F40-84DF-3AC4C618F86A}.Debug|x86.Build.0 = Debug|Any CPU
		{08181176-081A-4F40-84DF-3AC4C618F86A}.Release|Any CPU.ActiveCfg = Release|Any CPU
		{08181176-081A-4F40-84DF-3AC4C618F86A}.Release|Any CPU.Build.0 = Release|Any CPU
		{08181176-081A-4F40-84DF-3AC4C618F86A}.Release|x64.ActiveCfg = Release|Any CPU
		{08181176-081A-4F40-84DF-3AC4C618F86A}.Release|x64.Build.0 = Release|Any CPU
		{08181176-081A-4F40-84DF-3AC4C618F86A}.Release|x86.ActiveCfg = Release|Any CPU
		{08181176-081A-4F40-84DF-3AC4C618F86A}.Release|x86.Build.0 = Release|Any CPU
		{60EB0E30-4B90-466F-B4BF-AF88BC72069F}.Debug|Any CPU.ActiveCfg = Debug|Any CPU
		{60EB0E30-4B90-466F-B4BF-AF88BC72069F}.Debug|Any CPU.Build.0 = Debug|Any CPU
		{60EB0E30-4B90-466F-B4BF-AF88BC72069F}.Debug|x64.ActiveCfg = Debug|Any CPU
		{60EB0E30-4B90-466F-B4BF-AF88BC72069F}.Debug|x64.Build.0 = Debug|Any CPU
		{60EB0E30-4B90-466F-B4BF-AF88BC72069F}.Debug|x86.ActiveCfg = Debug|Any CPU
		{60EB0E30-4B90-466F-B4BF-AF88BC72069F}.Debug|x86.Build.0 = Debug|Any CPU
		{60EB0E30-4B90-466F-B4BF-AF88BC72069F}.Release|Any CPU.ActiveCfg = Release|Any CPU
		{60EB0E30-4B90-466F-B4BF-AF88BC72069F}.Release|Any CPU.Build.0 = Release|Any CPU
		{60EB0E30-4B90-466F-B4BF-AF88BC72069F}.Release|x64.ActiveCfg = Release|Any CPU
		{60EB0E30-4B90-466F-B4BF-AF88BC72069F}.Release|x64.Build.0 = Release|Any CPU
		{60EB0E30-4B90-466F-B4BF-AF88BC72069F}.Release|x86.ActiveCfg = Release|Any CPU
		{60EB0E30-4B90-466F-B4BF-AF88BC72069F}.Release|x86.Build.0 = Release|Any CPU
		{FCA8E484-7F4D-4E4E-844D-4C347F3D95C9}.Debug|Any CPU.ActiveCfg = Debug|Any CPU
		{FCA8E484-7F4D-4E4E-844D-4C347F3D95C9}.Debug|Any CPU.Build.0 = Debug|Any CPU
		{FCA8E484-7F4D-4E4E-844D-4C347F3D95C9}.Debug|x64.ActiveCfg = Debug|Any CPU
		{FCA8E484-7F4D-4E4E-844D-4C347F3D95C9}.Debug|x64.Build.0 = Debug|Any CPU
		{FCA8E484-7F4D-4E4E-844D-4C347F3D95C9}.Debug|x86.ActiveCfg = Debug|Any CPU
		{FCA8E484-7F4D-4E4E-844D-4C347F3D95C9}.Debug|x86.Build.0 = Debug|Any CPU
		{FCA8E484-7F4D-4E4E-844D-4C347F3D95C9}.Release|Any CPU.ActiveCfg = Release|Any CPU
		{FCA8E484-7F4D-4E4E-844D-4C347F3D95C9}.Release|Any CPU.Build.0 = Release|Any CPU
		{FCA8E484-7F4D-4E4E-844D-4C347F3D95C9}.Release|x64.ActiveCfg = Release|Any CPU
		{FCA8E484-7F4D-4E4E-844D-4C347F3D95C9}.Release|x64.Build.0 = Release|Any CPU
		{FCA8E484-7F4D-4E4E-844D-4C347F3D95C9}.Release|x86.ActiveCfg = Release|Any CPU
		{FCA8E484-7F4D-4E4E-844D-4C347F3D95C9}.Release|x86.Build.0 = Release|Any CPU
		{53015BE7-D5C0-4512-B921-0365B2885CA7}.Debug|Any CPU.ActiveCfg = Debug|Any CPU
		{53015BE7-D5C0-4512-B921-0365B2885CA7}.Debug|Any CPU.Build.0 = Debug|Any CPU
		{53015BE7-D5C0-4512-B921-0365B2885CA7}.Debug|x64.ActiveCfg = Debug|Any CPU
		{53015BE7-D5C0-4512-B921-0365B2885CA7}.Debug|x64.Build.0 = Debug|Any CPU
		{53015BE7-D5C0-4512-B921-0365B2885CA7}.Debug|x86.ActiveCfg = Debug|Any CPU
		{53015BE7-D5C0-4512-B921-0365B2885CA7}.Debug|x86.Build.0 = Debug|Any CPU
		{53015BE7-D5C0-4512-B921-0365B2885CA7}.Release|Any CPU.ActiveCfg = Release|Any CPU
		{53015BE7-D5C0-4512-B921-0365B2885CA7}.Release|Any CPU.Build.0 = Release|Any CPU
		{53015BE7-D5C0-4512-B921-0365B2885CA7}.Release|x64.ActiveCfg = Release|Any CPU
		{53015BE7-D5C0-4512-B921-0365B2885CA7}.Release|x64.Build.0 = Release|Any CPU
		{53015BE7-D5C0-4512-B921-0365B2885CA7}.Release|x86.ActiveCfg = Release|Any CPU
		{53015BE7-D5C0-4512-B921-0365B2885CA7}.Release|x86.Build.0 = Release|Any CPU
		{080EEB62-DBB1-4619-8592-50CF2BB9E4D0}.Debug|Any CPU.ActiveCfg = Debug|Any CPU
		{080EEB62-DBB1-4619-8592-50CF2BB9E4D0}.Debug|Any CPU.Build.0 = Debug|Any CPU
		{080EEB62-DBB1-4619-8592-50CF2BB9E4D0}.Debug|x64.ActiveCfg = Debug|Any CPU
		{080EEB62-DBB1-4619-8592-50CF2BB9E4D0}.Debug|x64.Build.0 = Debug|Any CPU
		{080EEB62-DBB1-4619-8592-50CF2BB9E4D0}.Debug|x86.ActiveCfg = Debug|Any CPU
		{080EEB62-DBB1-4619-8592-50CF2BB9E4D0}.Debug|x86.Build.0 = Debug|Any CPU
		{080EEB62-DBB1-4619-8592-50CF2BB9E4D0}.Release|Any CPU.ActiveCfg = Release|Any CPU
		{080EEB62-DBB1-4619-8592-50CF2BB9E4D0}.Release|Any CPU.Build.0 = Release|Any CPU
		{080EEB62-DBB1-4619-8592-50CF2BB9E4D0}.Release|x64.ActiveCfg = Release|Any CPU
		{080EEB62-DBB1-4619-8592-50CF2BB9E4D0}.Release|x64.Build.0 = Release|Any CPU
		{080EEB62-DBB1-4619-8592-50CF2BB9E4D0}.Release|x86.ActiveCfg = Release|Any CPU
		{080EEB62-DBB1-4619-8592-50CF2BB9E4D0}.Release|x86.Build.0 = Release|Any CPU
		{F9616159-28FC-4233-996D-E6A8DECA699A}.Debug|Any CPU.ActiveCfg = Debug|Any CPU
		{F9616159-28FC-4233-996D-E6A8DECA699A}.Debug|Any CPU.Build.0 = Debug|Any CPU
		{F9616159-28FC-4233-996D-E6A8DECA699A}.Debug|x64.ActiveCfg = Debug|Any CPU
		{F9616159-28FC-4233-996D-E6A8DECA699A}.Debug|x64.Build.0 = Debug|Any CPU
		{F9616159-28FC-4233-996D-E6A8DECA699A}.Debug|x86.ActiveCfg = Debug|Any CPU
		{F9616159-28FC-4233-996D-E6A8DECA699A}.Debug|x86.Build.0 = Debug|Any CPU
		{F9616159-28FC-4233-996D-E6A8DECA699A}.Release|Any CPU.ActiveCfg = Release|Any CPU
		{F9616159-28FC-4233-996D-E6A8DECA699A}.Release|Any CPU.Build.0 = Release|Any CPU
		{F9616159-28FC-4233-996D-E6A8DECA699A}.Release|x64.ActiveCfg = Release|Any CPU
		{F9616159-28FC-4233-996D-E6A8DECA699A}.Release|x64.Build.0 = Release|Any CPU
		{F9616159-28FC-4233-996D-E6A8DECA699A}.Release|x86.ActiveCfg = Release|Any CPU
		{F9616159-28FC-4233-996D-E6A8DECA699A}.Release|x86.Build.0 = Release|Any CPU
		{C65FE35A-5087-4248-8DC1-1B397D141AEB}.Debug|Any CPU.ActiveCfg = Debug|Any CPU
		{C65FE35A-5087-4248-8DC1-1B397D141AEB}.Debug|Any CPU.Build.0 = Debug|Any CPU
		{C65FE35A-5087-4248-8DC1-1B397D141AEB}.Debug|x64.ActiveCfg = Debug|Any CPU
		{C65FE35A-5087-4248-8DC1-1B397D141AEB}.Debug|x64.Build.0 = Debug|Any CPU
		{C65FE35A-5087-4248-8DC1-1B397D141AEB}.Debug|x86.ActiveCfg = Debug|Any CPU
		{C65FE35A-5087-4248-8DC1-1B397D141AEB}.Debug|x86.Build.0 = Debug|Any CPU
		{C65FE35A-5087-4248-8DC1-1B397D141AEB}.Release|Any CPU.ActiveCfg = Release|Any CPU
		{C65FE35A-5087-4248-8DC1-1B397D141AEB}.Release|Any CPU.Build.0 = Release|Any CPU
		{C65FE35A-5087-4248-8DC1-1B397D141AEB}.Release|x64.ActiveCfg = Release|Any CPU
		{C65FE35A-5087-4248-8DC1-1B397D141AEB}.Release|x64.Build.0 = Release|Any CPU
		{C65FE35A-5087-4248-8DC1-1B397D141AEB}.Release|x86.ActiveCfg = Release|Any CPU
		{C65FE35A-5087-4248-8DC1-1B397D141AEB}.Release|x86.Build.0 = Release|Any CPU
	EndGlobalSection
	GlobalSection(SolutionProperties) = preSolution
		HideSolutionNode = FALSE
	EndGlobalSection
	GlobalSection(ExtensibilityGlobals) = postSolution
		SolutionGuid = {8D9DB61F-0F7D-4087-88CE-6E2BE8E4386E}
	EndGlobalSection
EndGlobal
